// !$*UTF8*$!
{
	archiveVersion = 1;
	classes = {
	};
	objectVersion = 46;
	objects = {

/* Begin PBXBuildFile section */
		1426F11D1E9F0E7600D7F594 /* main.swift in Sources */ = {isa = PBXBuildFile; fileRef = 1426F11C1E9F0E7600D7F594 /* main.swift */; };
		1426F1241E9F0E8100D7F594 /* Person.swift in Sources */ = {isa = PBXBuildFile; fileRef = 1426F1231E9F0E8100D7F594 /* Person.swift */; };
		1426F1261E9F0E8800D7F594 /* Describable.swift in Sources */ = {isa = PBXBuildFile; fileRef = 1426F1251E9F0E8800D7F594 /* Describable.swift */; };
		1426F1281E9F0FF500D7F594 /* Asset.swift in Sources */ = {isa = PBXBuildFile; fileRef = 1426F1271E9F0FF500D7F594 /* Asset.swift */; };
/* End PBXBuildFile section */

/* Begin PBXCopyFilesBuildPhase section */
		1426F1171E9F0E7600D7F594 /* CopyFiles */ = {
			isa = PBXCopyFilesBuildPhase;
			buildActionMask = 2147483647;
			dstPath = /usr/share/man/man1/;
			dstSubfolderSpec = 0;
			files = (
			);
			runOnlyForDeploymentPostprocessing = 1;
		};
/* End PBXCopyFilesBuildPhase section */

/* Begin PBXFileReference section */
		1426F1191E9F0E7600D7F594 /* Arc */ = {isa = PBXFileReference; explicitFileType = "compiled.mach-o.executable"; includeInIndex = 0; path = Arc; sourceTree = BUILT_PRODUCTS_DIR; };
		1426F11C1E9F0E7600D7F594 /* main.swift */ = {isa = PBXFileReference; lastKnownFileType = sourcecode.swift; path = main.swift; sourceTree = "<group>"; };
		1426F1231E9F0E8100D7F594 /* Person.swift */ = {isa = PBXFileReference; fileEncoding = 4; lastKnownFileType = sourcecode.swift; path = Person.swift; sourceTree = "<group>"; };
		1426F1251E9F0E8800D7F594 /* Describable.swift */ = {isa = PBXFileReference; fileEncoding = 4; lastKnownFileType = sourcecode.swift; path = Describable.swift; sourceTree = "<group>"; };
		1426F1271E9F0FF500D7F594 /* Asset.swift */ = {isa = PBXFileReference; fileEncoding = 4; lastKnownFileType = sourcecode.swift; path = Asset.swift; sourceTree = "<group>"; };
/* End PBXFileReference section */

/* Begin PBXFrameworksBuildPhase section */
		1426F1161E9F0E7600D7F594 /* Frameworks */ = {
			isa = PBXFrameworksBuildPhase;
			buildActionMask = 2147483647;
			files = (
			);
			runOnlyForDeploymentPostprocessing = 0;
		};
/* End PBXFrameworksBuildPhase section */

/* Begin PBXGroup section */
		1426F1101E9F0E7500D7F594 = {
			isa = PBXGroup;
			children = (
				1426F11B1E9F0E7600D7F594 /* Arc */,
				1426F11A1E9F0E7600D7F594 /* Products */,
			);
			sourceTree = "<group>";
		};
		1426F11A1E9F0E7600D7F594 /* Products */ = {
			isa = PBXGroup;
			children = (
				1426F1191E9F0E7600D7F594 /* Arc */,
			);
			name = Products;
			sourceTree = "<group>";
		};
		1426F11B1E9F0E7600D7F594 /* Arc */ = {
			isa = PBXGroup;
			children = (
				1426F1271E9F0FF500D7F594 /* Asset.swift */,
				1426F1251E9F0E8800D7F594 /* Describable.swift */,
				1426F11C1E9F0E7600D7F594 /* main.swift */,
				1426F1231E9F0E8100D7F594 /* Person.swift */,
			);
			path = Arc;
			sourceTree = "<group>";
		};
/* End PBXGroup section */

/* Begin PBXNativeTarget section */
		1426F1181E9F0E7600D7F594 /* Arc */ = {
			isa = PBXNativeTarget;
			buildConfigurationList = 1426F1201E9F0E7600D7F594 /* Build configuration list for PBXNativeTarget "Arc" */;
			buildPhases = (
				1426F1151E9F0E7600D7F594 /* Sources */,
				1426F1161E9F0E7600D7F594 /* Frameworks */,
				1426F1171E9F0E7600D7F594 /* CopyFiles */,
			);
			buildRules = (
			);
			dependencies = (
			);
			name = Arc;
			productName = Arc;
			productReference = 1426F1191E9F0E7600D7F594 /* Arc */;
			productType = "com.apple.product-type.tool";
		};
/* End PBXNativeTarget section */

/* Begin PBXProject section */
		1426F1111E9F0E7500D7F594 /* Project object */ = {
			isa = PBXProject;
			attributes = {
				LastSwiftUpdateCheck = 0830;
				LastUpgradeCheck = 0830;
				ORGANIZATIONNAME = sean;
				TargetAttributes = {
					1426F1181E9F0E7600D7F594 = {
						CreatedOnToolsVersion = 8.3.1;
						DevelopmentTeam = 6T24D3G4RQ;
						ProvisioningStyle = Automatic;
					};
				};
			};
			buildConfigurationList = 1426F1141E9F0E7500D7F594 /* Build configuration list for PBXProject "Arc" */;
			compatibilityVersion = "Xcode 3.2";
			developmentRegion = English;
			hasScannedForEncodings = 0;
			knownRegions = (
				en,
			);
			mainGroup = 1426F1101E9F0E7500D7F594;
			productRefGroup = 1426F11A1E9F0E7600D7F594 /* Products */;
			projectDirPath = "";
			projectRoot = "";
			targets = (
				1426F1181E9F0E7600D7F594 /* Arc */,
			);
		};
/* End PBXProject section */

/* Begin PBXSourcesBuildPhase section */
		1426F1151E9F0E7600D7F594 /* Sources */ = {
			isa = PBXSourcesBuildPhase;
			buildActionMask = 2147483647;
			files = (
				1426F1261E9F0E8800D7F594 /* Describable.swift in Sources */,
				1426F1241E9F0E8100D7F594 /* Person.swift in Sources */,
				1426F1281E9F0FF500D7F594 /* Asset.swift in Sources */,
				1426F11D1E9F0E7600D7F594 /* main.swift in Sources */,
			);
			runOnlyForDeploymentPostprocessing = 0;
		};
/* End PBXSourcesBuildPhase section */

/* Begin XCBuildConfiguration section */
		1426F11E1E9F0E7600D7F594 /* Debug */ = {
			isa = XCBuildConfiguration;
			buildSettings = {
				ALWAYS_SEARCH_USER_PATHS = NO;
				CLANG_ANALYZER_NONNULL = YES;
				CLANG_ANALYZER_NUMBER_OBJECT_CONVERSION = YES_AGGRESSIVE;
				CLANG_CXX_LANGUAGE_STANDARD = "gnu++0x";
				CLANG_CXX_LIBRARY = "libc++";
				CLANG_ENABLE_MODULES = YES;
				CLANG_ENABLE_OBJC_ARC = YES;
				CLANG_WARN_BOOL_CONVERSION = YES;
				CLANG_WARN_CONSTANT_CONVERSION = YES;
				CLANG_WARN_DIRECT_OBJC_ISA_USAGE = YES_ERROR;
				CLANG_WARN_DOCUMENTATION_COMMENTS = YES;
				CLANG_WARN_EMPTY_BODY = YES;
				CLANG_WARN_ENUM_CONVERSION = YES;
				CLANG_WARN_INFINITE_RECURSION = YES;
				CLANG_WARN_INT_CONVERSION = YES;
				CLANG_WARN_OBJC_ROOT_CLASS = YES_ERROR;
				CLANG_WARN_SUSPICIOUS_MOVE = YES;
				CLANG_WARN_UNREACHABLE_CODE = YES;
				CLANG_WARN__DUPLICATE_METHOD_MATCH = YES;
				CODE_SIGN_IDENTITY = "-";
				COPY_PHASE_STRIP = NO;
				DEBUG_INFORMATION_FORMAT = dwarf;
				ENABLE_STRICT_OBJC_MSGSEND = YES;
				ENABLE_TESTABILITY = YES;
				GCC_C_LANGUAGE_STANDARD = gnu99;
				GCC_DYNAMIC_NO_PIC = NO;
				GCC_NO_COMMON_BLOCKS = YES;
				GCC_OPTIMIZATION_LEVEL = 0;
				GCC_PREPROCESSOR_DEFINITIONS = (
					"DEBUG=1",
					"$(inherited)",
				);
				GCC_WARN_64_TO_32_BIT_CONVERSION = YES;
				GCC_WARN_ABOUT_RETURN_TYPE = YES_ERROR;
				GCC_WARN_UNDECLARED_SELECTOR = YES;
				GCC_WARN_UNINITIALIZED_AUTOS = YES_AGGRESSIVE;
				GCC_WARN_UNUSED_FUNCTION = YES;
				GCC_WARN_UNUSED_VARIABLE = YES;
				MACOSX_DEPLOYMENT_TARGET = 10.12;
				MTL_ENABLE_DEBUG_INFO = YES;
				ONLY_ACTIVE_ARCH = YES;
				SDKROOT = macosx;
				SWIFT_OPTIMIZATION_LEVEL = "-Onone";
			};
			name = Debug;
		};
		1426F11F1E9F0E7600D7F594 /* Release */ = {
			isa = XCBuildConfiguration;
			buildSettings = {
				ALWAYS_SEARCH_USER_PATHS = NO;
				CLANG_ANALYZER_NONNULL = YES;
				CLANG_ANALYZER_NUMBER_OBJECT_CONVERSION = YES_AGGRESSIVE;
				CLANG_CXX_LANGUAGE_STANDARD = "gnu++0x";
				CLANG_CXX_LIBRARY = "libc++";
				CLANG_ENABLE_MODULES = YES;
				CLANG_ENABLE_OBJC_ARC = YES;
				CLANG_WARN_BOOL_CONVERSION = YES;
				CLANG_WARN_CONSTANT_CONVERSION = YES;
				CLANG_WARN_DIRECT_OBJC_ISA_USAGE = YES_ERROR;
				CLANG_WARN_DOCUMENTATION_COMMENTS = YES;
				CLANG_WARN_EMPTY_BODY = YES;
				CLANG_WARN_ENUM_CONVERSION = YES;
				CLANG_WARN_INFINITE_RECURSION = YES;
				CLANG_WARN_INT_CONVERSION = YES;
				CLANG_WARN_OBJC_ROOT_CLASS = YES_ERROR;
				CLANG_WARN_SUSPICIOUS_MOVE = YES;
				CLANG_WARN_UNREACHABLE_CODE = YES;
				CLANG_WARN__DUPLICATE_METHOD_MATCH = YES;
				CODE_SIGN_IDENTITY = "-";
				COPY_PHASE_STRIP = NO;
				DEBUG_INFORMATION_FORMAT = "dwarf-with-dsym";
				ENABLE_NS_ASSERTIONS = NO;
				ENABLE_STRICT_OBJC_MSGSEND = YES;
				GCC_C_LANGUAGE_STANDARD = gnu99;
				GCC_NO_COMMON_BLOCKS = YES;
				GCC_WARN_64_TO_32_BIT_CONVERSION = YES;
				GCC_WARN_ABOUT_RETURN_TYPE = YES_ERROR;
				GCC_WARN_UNDECLARED_SELECTOR = YES;
				GCC_WARN_UNINITIALIZED_AUTOS = YES_AGGRESSIVE;
				GCC_WARN_UNUSED_FUNCTION = YES;
				GCC_WARN_UNUSED_VARIABLE = YES;
				MACOSX_DEPLOYMENT_TARGET = 10.12;
				MTL_ENABLE_DEBUG_INFO = NO;
				SDKROOT = macosx;
			};
			name = Release;
		};
		1426F1211E9F0E7600D7F594 /* Debug */ = {
			isa = XCBuildConfiguration;
			buildSettings = {
				DEVELOPMENT_TEAM = 6T24D3G4RQ;
				PRODUCT_NAME = "$(TARGET_NAME)";
				SWIFT_VERSION = 3.0;
			};
			name = Debug;
		};
		1426F1221E9F0E7600D7F594 /* Release */ = {
			isa = XCBuildConfiguration;
			buildSettings = {
				DEVELOPMENT_TEAM = 6T24D3G4RQ;
				PRODUCT_NAME = "$(TARGET_NAME)";
				SWIFT_VERSION = 3.0;
			};
			name = Release;
		};
/* End XCBuildConfiguration section */

/* Begin XCConfigurationList section */
		1426F1141E9F0E7500D7F594 /* Build configuration list for PBXProject "Arc" */ = {
			isa = XCConfigurationList;
			buildConfigurations = (
				1426F11E1E9F0E7600D7F594 /* Debug */,
				1426F11F1E9F0E7600D7F594 /* Release */,
			);
			defaultConfigurationIsVisible = 0;
			defaultConfigurationName = Release;
		};
		1426F1201E9F0E7600D7F594 /* Build configuration list for PBXNativeTarget "Arc" */ = {
			isa = XCConfigurationList;
			buildConfigurations = (
				1426F1211E9F0E7600D7F594 /* Debug */,
				1426F1221E9F0E7600D7F594 /* Release */,
			);
			defaultConfigurationIsVisible = 0;
			defaultConfigurationName = Release;
		};
/* End XCConfigurationList section */
	};
	rootObject = 1426F1111E9F0E7500D7F594 /* Project object */;
}
